
Microsoft Visual Studio Solution File, Format Version 12.00
# Visual Studio 15
VisualStudioVersion = 15.0.27703.2047
MinimumVisualStudioVersion = 10.0.40219.1
Project("{FAE04EC0-301F-11D3-BF4B-00C04F79EFBC}") = "LFSail", "LFSail\LFSail.csproj", "{4AC4CB01-2F2C-4814-A159-B04649A9B407}"
EndProject
Global
	GlobalSection(SolutionConfigurationPlatforms) = preSolution
		Debug|Any CPU = Debug|Any CPU
		Release|Any CPU = Release|Any CPU
	EndGlobalSection
	GlobalSection(ProjectConfigurationPlatforms) = postSolution
		{4AC4CB01-2F2C-4814-A159-B04649A9B407}.Debug|Any CPU.ActiveCfg = Debug|Any CPU
		{4AC4CB01-2F2C-4814-A159-B04649A9B407}.Debug|Any CPU.Build.0 = Debug|Any CPU
		{4AC4CB01-2F2C-4814-A159-B04649A9B407}.Release|Any CPU.ActiveCfg = Release|Any CPU
		{4AC4CB01-2F2C-4814-A159-B04649A9B407}.Release|Any CPU.Build.0 = Release|Any CPU
	EndGlobalSection
	GlobalSection(SolutionProperties) = preSolution
		HideSolutionNode = FALSE
	EndGlobalSection
	GlobalSection(ExtensibilityGlobals) = postSolution
		SolutionGuid = {5BE3F913-C1D4-45C8-A69C-5312F9ADAF73}
	EndGlobalSection
EndGlobal
